// !$*UTF8*$!
{
	archiveVersion = 1;
	classes = {
	};
	objectVersion = 46;
	objects = {

/* Begin PBXBuildFile section */
		B2AD0F221E78A2170054A7ED /* AppDelegate.swift in Sources */ = {isa = PBXBuildFile; fileRef = B2AD0F211E78A2170054A7ED /* AppDelegate.swift */; };
		B2AD0F241E78A2170054A7ED /* ViewController.swift in Sources */ = {isa = PBXBuildFile; fileRef = B2AD0F231E78A2170054A7ED /* ViewController.swift */; };
		B2AD0F271E78A2170054A7ED /* Main.storyboard in Resources */ = {isa = PBXBuildFile; fileRef = B2AD0F251E78A2170054A7ED /* Main.storyboard */; };
		B2AD0F291E78A2170054A7ED /* Assets.xcassets in Resources */ = {isa = PBXBuildFile; fileRef = B2AD0F281E78A2170054A7ED /* Assets.xcassets */; };
		B2AD0F2C1E78A2170054A7ED /* LaunchScreen.storyboard in Resources */ = {isa = PBXBuildFile; fileRef = B2AD0F2A1E78A2170054A7ED /* LaunchScreen.storyboard */; };
/* End PBXBuildFile section */

/* Begin PBXFileReference section */
		B2AD0F1E1E78A2170054A7ED /* BeastList.app */ = {isa = PBXFileReference; explicitFileType = wrapper.application; includeInIndex = 0; path = BeastList.app; sourceTree = BUILT_PRODUCTS_DIR; };
		B2AD0F211E78A2170054A7ED /* AppDelegate.swift */ = {isa = PBXFileReference; lastKnownFileType = sourcecode.swift; path = AppDelegate.swift; sourceTree = "<group>"; };
		B2AD0F231E78A2170054A7ED /* ViewController.swift */ = {isa = PBXFileReference; lastKnownFileType = sourcecode.swift; path = ViewController.swift; sourceTree = "<group>"; };
		B2AD0F261E78A2170054A7ED /* Base */ = {isa = PBXFileReference; lastKnownFileType = file.storyboard; name = Base; path = Base.lproj/Main.storyboard; sourceTree = "<group>"; };
		B2AD0F281E78A2170054A7ED /* Assets.xcassets */ = {isa = PBXFileReference; lastKnownFileType = folder.assetcatalog; path = Assets.xcassets; sourceTree = "<group>"; };
		B2AD0F2B1E78A2170054A7ED /* Base */ = {isa = PBXFileReference; lastKnownFileType = file.storyboard; name = Base; path = Base.lproj/LaunchScreen.storyboard; sourceTree = "<group>"; };
		B2AD0F2D1E78A2170054A7ED /* Info.plist */ = {isa = PBXFileReference; lastKnownFileType = text.plist.xml; path = Info.plist; sourceTree = "<group>"; };
/* End PBXFileReference section */

/* Begin PBXFrameworksBuildPhase section */
		B2AD0F1B1E78A2170054A7ED /* Frameworks */ = {
			isa = PBXFrameworksBuildPhase;
			buildActionMask = 2147483647;
			files = (
			);
			runOnlyForDeploymentPostprocessing = 0;
		};
/* End PBXFrameworksBuildPhase section */

/* Begin PBXGroup section */
		B2AD0F151E78A2170054A7ED = {
			isa = PBXGroup;
			children = (
				B2AD0F201E78A2170054A7ED /* BeastList */,
				B2AD0F1F1E78A2170054A7ED /* Products */,
			);
			sourceTree = "<group>";
		};
		B2AD0F1F1E78A2170054A7ED /* Products */ = {
			isa = PBXGroup;
			children = (
				B2AD0F1E1E78A2170054A7ED /* BeastList.app */,
			);
			name = Products;
			sourceTree = "<group>";
		};
		B2AD0F201E78A2170054A7ED /* BeastList */ = {
			isa = PBXGroup;
			children = (
				B2AD0F211E78A2170054A7ED /* AppDelegate.swift */,
				B2AD0F231E78A2170054A7ED /* ViewController.swift */,
				B2AD0F251E78A2170054A7ED /* Main.storyboard */,
				B2AD0F281E78A2170054A7ED /* Assets.xcassets */,
				B2AD0F2A1E78A2170054A7ED /* LaunchScreen.storyboard */,
				B2AD0F2D1E78A2170054A7ED /* Info.plist */,
			);
			path = BeastList;
			sourceTree = "<group>";
		};
/* End PBXGroup section */

/* Begin PBXNativeTarget section */
		B2AD0F1D1E78A2170054A7ED /* BeastList */ = {
			isa = PBXNativeTarget;
			buildConfigurationList = B2AD0F301E78A2170054A7ED /* Build configuration list for PBXNativeTarget "BeastList" */;
			buildPhases = (
				B2AD0F1A1E78A2170054A7ED /* Sources */,
				B2AD0F1B1E78A2170054A7ED /* Frameworks */,
				B2AD0F1C1E78A2170054A7ED /* Resources */,
			);
			buildRules = (
			);
			dependencies = (
			);
			name = BeastList;
			productName = BeastList;
			productReference = B2AD0F1E1E78A2170054A7ED /* BeastList.app */;
			productType = "com.apple.product-type.application";
		};
/* End PBXNativeTarget section */

/* Begin PBXProject section */
		B2AD0F161E78A2170054A7ED /* Project object */ = {
			isa = PBXProject;
			attributes = {
				LastSwiftUpdateCheck = 0820;
				LastUpgradeCheck = 0820;
				ORGANIZATIONNAME = "Jonathan Salin Lee";
				TargetAttributes = {
					B2AD0F1D1E78A2170054A7ED = {
						CreatedOnToolsVersion = 8.2.1;
						DevelopmentTeam = K7HCY2VAD5;
						ProvisioningStyle = Automatic;
					};
				};
			};
			buildConfigurationList = B2AD0F191E78A2170054A7ED /* Build configuration list for PBXProject "BeastList" */;
			compatibilityVersion = "Xcode 3.2";
			developmentRegion = English;
			hasScannedForEncodings = 0;
			knownRegions = (
				en,
				Base,
			);
			mainGroup = B2AD0F151E78A2170054A7ED;
			productRefGroup = B2AD0F1F1E78A2170054A7ED /* Products */;
			projectDirPath = "";
			projectRoot = "";
			targets = (
				B2AD0F1D1E78A2170054A7ED /* BeastList */,
			);
		};
/* End PBXProject section */

/* Begin PBXResourcesBuildPhase section */
		B2AD0F1C1E78A2170054A7ED /* Resources */ = {
			isa = PBXResourcesBuildPhase;
			buildActionMask = 2147483647;
			files = (
				B2AD0F2C1E78A2170054A7ED /* LaunchScreen.storyboard in Resources */,
				B2AD0F291E78A2170054A7ED /* Assets.xcassets in Resources */,
				B2AD0F271E78A2170054A7ED /* Main.storyboard in Resources */,
			);
			runOnlyForDeploymentPostprocessing = 0;
		};
/* End PBXResourcesBuildPhase section */

/* Begin PBXSourcesBuildPhase section */
		B2AD0F1A1E78A2170054A7ED /* Sources */ = {
			isa = PBXSourcesBuildPhase;
			buildActionMask = 2147483647;
			files = (
				B2AD0F241E78A2170054A7ED /* ViewController.swift in Sources */,
				B2AD0F221E78A2170054A7ED /* AppDelegate.swift in Sources */,
			);
			runOnlyForDeploymentPostprocessing = 0;
		};
/* End PBXSourcesBuildPhase section */

/* Begin PBXVariantGroup section */
		B2AD0F251E78A2170054A7ED /* Main.storyboard */ = {
			isa = PBXVariantGroup;
			children = (
				B2AD0F261E78A2170054A7ED /* Base */,
			);
			name = Main.storyboard;
			sourceTree = "<group>";
		};
		B2AD0F2A1E78A2170054A7ED /* LaunchScreen.storyboard */ = {
			isa = PBXVariantGroup;
			children = (
				B2AD0F2B1E78A2170054A7ED /* Base */,
			);
			name = LaunchScreen.storyboard;
			sourceTree = "<group>";
		};
/* End PBXVariantGroup section */

/* Begin XCBuildConfiguration section */
		B2AD0F2E1E78A2170054A7ED /* Debug */ = {
			isa = XCBuildConfiguration;
			buildSettings = {
				ALWAYS_SEARCH_USER_PATHS = NO;
				CLANG_ANALYZER_NONNULL = YES;
				CLANG_CXX_LANGUAGE_STANDARD = "gnu++0x";
				CLANG_CXX_LIBRARY = "libc++";
				CLANG_ENABLE_MODULES = YES;
				CLANG_ENABLE_OBJC_ARC = YES;
				CLANG_WARN_BOOL_CONVERSION = YES;
				CLANG_WARN_CONSTANT_CONVERSION = YES;
				CLANG_WARN_DIRECT_OBJC_ISA_USAGE = YES_ERROR;
				CLANG_WARN_DOCUMENTATION_COMMENTS = YES;
				CLANG_WARN_EMPTY_BODY = YES;
				CLANG_WARN_ENUM_CONVERSION = YES;
				CLANG_WARN_INFINITE_RECURSION = YES;
				CLANG_WARN_INT_CONVERSION = YES;
				CLANG_WARN_OBJC_ROOT_CLASS = YES_ERROR;
				CLANG_WARN_SUSPICIOUS_MOVE = YES;
				CLANG_WARN_UNREACHABLE_CODE = YES;
				CLANG_WARN__DUPLICATE_METHOD_MATCH = YES;
				"CODE_SIGN_IDENTITY[sdk=iphoneos*]" = "iPhone Developer";
				COPY_PHASE_STRIP = NO;
				DEBUG_INFORMATION_FORMAT = dwarf;
				ENABLE_STRICT_OBJC_MSGSEND = YES;
				ENABLE_TESTABILITY = YES;
				GCC_C_LANGUAGE_STANDARD = gnu99;
				GCC_DYNAMIC_NO_PIC = NO;
				GCC_NO_COMMON_BLOCKS = YES;
				GCC_OPTIMIZATION_LEVEL = 0;
				GCC_PREPROCESSOR_DEFINITIONS = (
					"DEBUG=1",
					"$(inherited)",
				);
				GCC_WARN_64_TO_32_BIT_CONVERSION = YES;
				GCC_WARN_ABOUT_RETURN_TYPE = YES_ERROR;
				GCC_WARN_UNDECLARED_SELECTOR = YES;
				GCC_WARN_UNINITIALIZED_AUTOS = YES_AGGRESSIVE;
				GCC_WARN_UNUSED_FUNCTION = YES;
				GCC_WARN_UNUSED_VARIABLE = YES;
				IPHONEOS_DEPLOYMENT_TARGET = 10.2;
				MTL_ENABLE_DEBUG_INFO = YES;
				ONLY_ACTIVE_ARCH = YES;
				SDKROOT = iphoneos;
				SWIFT_ACTIVE_COMPILATION_CONDITIONS = DEBUG;
				SWIFT_OPTIMIZATION_LEVEL = "-Onone";
				TARGETED_DEVICE_FAMILY = "1,2";
			};
			name = Debug;
		};
		B2AD0F2F1E78A2170054A7ED /* Release */ = {
			isa = XCBuildConfiguration;
			buildSettings = {
				ALWAYS_SEARCH_USER_PATHS = NO;
				CLANG_ANALYZER_NONNULL = YES;
				CLANG_CXX_LANGUAGE_STANDARD = "gnu++0x";
				CLANG_CXX_LIBRARY = "libc++";
				CLANG_ENABLE_MODULES = YES;
				CLANG_ENABLE_OBJC_ARC = YES;
				CLANG_WARN_BOOL_CONVERSION = YES;
				CLANG_WARN_CONSTANT_CONVERSION = YES;
				CLANG_WARN_DIRECT_OBJC_ISA_USAGE = YES_ERROR;
				CLANG_WARN_DOCUMENTATION_COMMENTS = YES;
				CLANG_WARN_EMPTY_BODY = YES;
				CLANG_WARN_ENUM_CONVERSION = YES;
				CLANG_WARN_INFINITE_RECURSION = YES;
				CLANG_WARN_INT_CONVERSION = YES;
				CLANG_WARN_OBJC_ROOT_CLASS = YES_ERROR;
				CLANG_WARN_SUSPICIOUS_MOVE = YES;
				CLANG_WARN_UNREACHABLE_CODE = YES;
				CLANG_WARN__DUPLICATE_METHOD_MATCH = YES;
				"CODE_SIGN_IDENTITY[sdk=iphoneos*]" = "iPhone Developer";
				COPY_PHASE_STRIP = NO;
				DEBUG_INFORMATION_FORMAT = "dwarf-with-dsym";
				ENABLE_NS_ASSERTIONS = NO;
				ENABLE_STRICT_OBJC_MSGSEND = YES;
				GCC_C_LANGUAGE_STANDARD = gnu99;
				GCC_NO_COMMON_BLOCKS = YES;
				GCC_WARN_64_TO_32_BIT_CONVERSION = YES;
				GCC_WARN_ABOUT_RETURN_TYPE = YES_ERROR;
				GCC_WARN_UNDECLARED_SELECTOR = YES;
				GCC_WARN_UNINITIALIZED_AUTOS = YES_AGGRESSIVE;
				GCC_WARN_UNUSED_FUNCTION = YES;
				GCC_WARN_UNUSED_VARIABLE = YES;
				IPHONEOS_DEPLOYMENT_TARGET = 10.2;
				MTL_ENABLE_DEBUG_INFO = NO;
				SDKROOT = iphoneos;
				SWIFT_OPTIMIZATION_LEVEL = "-Owholemodule";
				TARGETED_DEVICE_FAMILY = "1,2";
				VALIDATE_PRODUCT = YES;
			};
			name = Release;
		};
		B2AD0F311E78A2170054A7ED /* Debug */ = {
			isa = XCBuildConfiguration;
			buildSettings = {
				ASSETCATALOG_COMPILER_APPICON_NAME = AppIcon;
				DEVELOPMENT_TEAM = K7HCY2VAD5;
				INFOPLIST_FILE = BeastList/Info.plist;
				LD_RUNPATH_SEARCH_PATHS = "$(inherited) @executable_path/Frameworks";
				PRODUCT_BUNDLE_IDENTIFIER = com.SalinStudios.BeastList;
				PRODUCT_NAME = "$(TARGET_NAME)";
				SWIFT_VERSION = 3.0;
			};
			name = Debug;
		};
		B2AD0F321E78A2170054A7ED /* Release */ = {
			isa = XCBuildConfiguration;
			buildSettings = {
				ASSETCATALOG_COMPILER_APPICON_NAME = AppIcon;
				DEVELOPMENT_TEAM = K7HCY2VAD5;
				INFOPLIST_FILE = BeastList/Info.plist;
				LD_RUNPATH_SEARCH_PATHS = "$(inherited) @executable_path/Frameworks";
				PRODUCT_BUNDLE_IDENTIFIER = com.SalinStudios.BeastList;
				PRODUCT_NAME = "$(TARGET_NAME)";
				SWIFT_VERSION = 3.0;
			};
			name = Release;
		};
/* End XCBuildConfiguration section */

/* Begin XCConfigurationList section */
		B2AD0F191E78A2170054A7ED /* Build configuration list for PBXProject "BeastList" */ = {
			isa = XCConfigurationList;
			buildConfigurations = (
				B2AD0F2E1E78A2170054A7ED /* Debug */,
				B2AD0F2F1E78A2170054A7ED /* Release */,
			);
			defaultConfigurationIsVisible = 0;
			defaultConfigurationName = Release;
		};
		B2AD0F301E78A2170054A7ED /* Build configuration list for PBXNativeTarget "BeastList" */ = {
			isa = XCConfigurationList;
			buildConfigurations = (
				B2AD0F311E78A2170054A7ED /* Debug */,
				B2AD0F321E78A2170054A7ED /* Release */,
			);
			defaultConfigurationIsVisible = 0;
		};
/* End XCConfigurationList section */
	};
	rootObject = B2AD0F161E78A2170054A7ED /* Project object */;
}
